# This file is automatically @generated by Cargo.
# It is not intended for manual editing.
version = 4

[[package]]
name = "tyrne-bsp-qemu-virt"
version = "0.0.1"
dependencies = [
 "tyrne-hal",
 "tyrne-kernel",
]

[[package]]
name = "tyrne-hal"
version = "0.0.1"

[[package]]
name = "tyrne-kernel"
version = "0.0.1"
dependencies = [
 "tyrne-hal",
 "tyrne-test-hal",
]

[[package]]
name = "tyrne-test-hal"
version = "0.0.1"
dependencies = [
 "tyrne-hal",
]
